
Microsoft Visual Studio Solution File, Format Version 12.00
# Visual Studio Version 17
VisualStudioVersion = 17.12.35209.166
MinimumVisualStudioVersion = 10.0.40219.1
Project("{FAE04EC0-301F-11D3-BF4B-00C04F79EFBC}") = "VcardQRGenerator", "VcardQRGenerator\VcardQRGenerator.csproj", "{5EEE2048-D00F-4D3B-B56C-AAC63C1DB17E}"
EndProject
Global
	GlobalSection(SolutionConfigurationPlatforms) = preSolution
		Debug|Any CPU = Debug|Any CPU
		Release|Any CPU = Release|Any CPU
	EndGlobalSection
	GlobalSection(ProjectConfigurationPlatforms) = postSolution
		{5EEE2048-D00F-4D3B-B56C-AAC63C1DB17E}.Debug|Any CPU.ActiveCfg = Debug|Any CPU
		{5EEE2048-D00F-4D3B-B56C-AAC63C1DB17E}.Debug|Any CPU.Build.0 = Debug|Any CPU
		{5EEE2048-D00F-4D3B-B56C-AAC63C1DB17E}.Release|Any CPU.ActiveCfg = Release|Any CPU
		{5EEE2048-D00F-4D3B-B56C-AAC63C1DB17E}.Release|Any CPU.Build.0 = Release|Any CPU
	EndGlobalSection
	GlobalSection(SolutionProperties) = preSolution
		HideSolutionNode = FALSE
	EndGlobalSection
	GlobalSection(ExtensibilityGlobals) = postSolution
		SolutionGuid = {48AF819B-58CE-49BD-8A41-A146B04F39AF}
	EndGlobalSection
EndGlobal
